
Microsoft Visual Studio Solution File, Format Version 12.00
# Visual Studio 2013
VisualStudioVersion = 12.0.31101.0
MinimumVisualStudioVersion = 10.0.40219.1
Project("{FAE04EC0-301F-11D3-BF4B-00C04F79EFBC}") = "testapp", "testapp\testapp.csproj", "{A2764890-2384-4ADD-82C9-1AFC711CCA4A}"
EndProject
Project("{FAE04EC0-301F-11D3-BF4B-00C04F79EFBC}") = "s4packman", "s4packman\s4packman.csproj", "{9988D7A4-D58D-4631-BD1D-E9A7D0D8F879}"
EndProject
Project("{2150E333-8FDC-42A3-9474-1A3956D46DE8}") = "Solution Items", "Solution Items", "{C96D0B78-D429-47D4-8045-83A1A623E1DF}"
	ProjectSection(SolutionItems) = preProject
		readme.txt = readme.txt
		TODO.txt = TODO.txt
	EndProjectSection
EndProject
Global
	GlobalSection(SolutionConfigurationPlatforms) = preSolution
		Debug|x86 = Debug|x86
		Release|x86 = Release|x86
	EndGlobalSection
	GlobalSection(ProjectConfigurationPlatforms) = postSolution
		{A2764890-2384-4ADD-82C9-1AFC711CCA4A}.Debug|x86.ActiveCfg = Debug|x86
		{A2764890-2384-4ADD-82C9-1AFC711CCA4A}.Debug|x86.Build.0 = Debug|x86
		{A2764890-2384-4ADD-82C9-1AFC711CCA4A}.Release|x86.ActiveCfg = Release|x86
		{A2764890-2384-4ADD-82C9-1AFC711CCA4A}.Release|x86.Build.0 = Release|x86
		{9988D7A4-D58D-4631-BD1D-E9A7D0D8F879}.Debug|x86.ActiveCfg = Debug|x86
		{9988D7A4-D58D-4631-BD1D-E9A7D0D8F879}.Debug|x86.Build.0 = Debug|x86
		{9988D7A4-D58D-4631-BD1D-E9A7D0D8F879}.Release|x86.ActiveCfg = Release|x86
		{9988D7A4-D58D-4631-BD1D-E9A7D0D8F879}.Release|x86.Build.0 = Release|x86
	EndGlobalSection
	GlobalSection(SolutionProperties) = preSolution
		HideSolutionNode = FALSE
	EndGlobalSection
EndGlobal
